
Microsoft Visual Studio Solution File, Format Version 12.00
# Visual Studio Version 17
VisualStudioVersion = 17.13.35919.96
MinimumVisualStudioVersion = 10.0.40219.1
Project("{FAE04EC0-301F-11D3-BF4B-00C04F79EFBC}") = "sgc", "sgc.csproj", "{02AB9389-3E6B-45FF-B1CD-22D31213CCE7}"
EndProject
Project("{FAE04EC0-301F-11D3-BF4B-00C04F79EFBC}") = "sgc.Infra", "..\sgc.Infra\sgc.Infra.csproj", "{6828748C-1C6F-487C-8913-4115F666E122}"
EndProject
Project("{FAE04EC0-301F-11D3-BF4B-00C04F79EFBC}") = "sgc.Domain", "..\sgc.Domain\sgc.Domain.csproj", "{379C78AF-521D-4635-8559-45AEDB939424}"
EndProject
Project("{FAE04EC0-301F-11D3-BF4B-00C04F79EFBC}") = "sgc.Application", "..\sgc.Application\sgc.Application.csproj", "{63E99783-29E9-4B9E-80A2-D620544AC1E7}"
EndProject
Project("{2150E333-8FDC-42A3-9474-1A3956D46DE8}") = "Solution Items", "Solution Items", "{8EC462FD-D22E-90A8-E5CE-7E832BA40C5D}"
	ProjectSection(SolutionItems) = preProject
		.gitignore = .gitignore
		Readme.md = Readme.md
	EndProjectSection
EndProject
Global
	GlobalSection(SolutionConfigurationPlatforms) = preSolution
		Debug|Any CPU = Debug|Any CPU
		Release|Any CPU = Release|Any CPU
	EndGlobalSection
	GlobalSection(ProjectConfigurationPlatforms) = postSolution
		{02AB9389-3E6B-45FF-B1CD-22D31213CCE7}.Debug|Any CPU.ActiveCfg = Debug|Any CPU
		{02AB9389-3E6B-45FF-B1CD-22D31213CCE7}.Debug|Any CPU.Build.0 = Debug|Any CPU
		{02AB9389-3E6B-45FF-B1CD-22D31213CCE7}.Release|Any CPU.ActiveCfg = Release|Any CPU
		{02AB9389-3E6B-45FF-B1CD-22D31213CCE7}.Release|Any CPU.Build.0 = Release|Any CPU
		{6828748C-1C6F-487C-8913-4115F666E122}.Debug|Any CPU.ActiveCfg = Debug|Any CPU
		{6828748C-1C6F-487C-8913-4115F666E122}.Debug|Any CPU.Build.0 = Debug|Any CPU
		{6828748C-1C6F-487C-8913-4115F666E122}.Release|Any CPU.ActiveCfg = Release|Any CPU
		{6828748C-1C6F-487C-8913-4115F666E122}.Release|Any CPU.Build.0 = Release|Any CPU
		{379C78AF-521D-4635-8559-45AEDB939424}.Debug|Any CPU.ActiveCfg = Debug|Any CPU
		{379C78AF-521D-4635-8559-45AEDB939424}.Debug|Any CPU.Build.0 = Debug|Any CPU
		{379C78AF-521D-4635-8559-45AEDB939424}.Release|Any CPU.ActiveCfg = Release|Any CPU
		{379C78AF-521D-4635-8559-45AEDB939424}.Release|Any CPU.Build.0 = Release|Any CPU
		{63E99783-29E9-4B9E-80A2-D620544AC1E7}.Debug|Any CPU.ActiveCfg = Debug|Any CPU
		{63E99783-29E9-4B9E-80A2-D620544AC1E7}.Debug|Any CPU.Build.0 = Debug|Any CPU
		{63E99783-29E9-4B9E-80A2-D620544AC1E7}.Release|Any CPU.ActiveCfg = Release|Any CPU
		{63E99783-29E9-4B9E-80A2-D620544AC1E7}.Release|Any CPU.Build.0 = Release|Any CPU
	EndGlobalSection
	GlobalSection(SolutionProperties) = preSolution
		HideSolutionNode = FALSE
	EndGlobalSection
	GlobalSection(ExtensibilityGlobals) = postSolution
		SolutionGuid = {5C212E49-FB71-4009-9601-73E05EBCE992}
	EndGlobalSection
EndGlobal
